
Microsoft Visual Studio Solution File, Format Version 12.00
# Visual Studio Version 17
VisualStudioVersion = 17.13.35818.85 d17.13
MinimumVisualStudioVersion = 10.0.40219.1
Project("{FAE04EC0-301F-11D3-BF4B-00C04F79EFBC}") = "BookStoreApi", "BookStoreApi\BookStoreApi.csproj", "{630EB08F-202B-4B5B-ABDE-6D7714D4160F}"
EndProject
Global
	GlobalSection(SolutionConfigurationPlatforms) = preSolution
		Debug|Any CPU = Debug|Any CPU
		Release|Any CPU = Release|Any CPU
	EndGlobalSection
	GlobalSection(ProjectConfigurationPlatforms) = postSolution
		{630EB08F-202B-4B5B-ABDE-6D7714D4160F}.Debug|Any CPU.ActiveCfg = Debug|Any CPU
		{630EB08F-202B-4B5B-ABDE-6D7714D4160F}.Debug|Any CPU.Build.0 = Debug|Any CPU
		{630EB08F-202B-4B5B-ABDE-6D7714D4160F}.Release|Any CPU.ActiveCfg = Release|Any CPU
		{630EB08F-202B-4B5B-ABDE-6D7714D4160F}.Release|Any CPU.Build.0 = Release|Any CPU
	EndGlobalSection
	GlobalSection(SolutionProperties) = preSolution
		HideSolutionNode = FALSE
	EndGlobalSection
	GlobalSection(ExtensibilityGlobals) = postSolution
		SolutionGuid = {92AB48B2-1183-4B3E-9A09-CC4A94F40AF0}
	EndGlobalSection
EndGlobal
